
Microsoft Visual Studio Solution File, Format Version 12.00
# Visual Studio Version 17
VisualStudioVersion = 17.3.32825.248
MinimumVisualStudioVersion = 10.0.40219.1
Project("{2150E333-8FDC-42A3-9474-1A3956D46DE8}") = "Solution Items", "Solution Items", "{A4E767FC-B5E9-4693-BC23-A868B1449D44}"
	ProjectSection(SolutionItems) = preProject
		global.json = global.json
		C:\Users\User\Downloads\microservice.JPG = C:\Users\User\Downloads\microservice.JPG
		README.md = README.md
	EndProjectSection
EndProject
Project("{2150E333-8FDC-42A3-9474-1A3956D46DE8}") = "Src", "Src", "{9846B84B-6541-48AD-BB7A-4A6AC2F6D212}"
EndProject
Project("{2150E333-8FDC-42A3-9474-1A3956D46DE8}") = "Tests", "Tests", "{8341AC71-3039-4956-8BB4-B14CE6D77DA1}"
EndProject
Project("{2150E333-8FDC-42A3-9474-1A3956D46DE8}") = "ApiGateways", "ApiGateways", "{4227648F-4D52-45E4-8EB5-74AE9E3E5378}"
EndProject
Project("{2150E333-8FDC-42A3-9474-1A3956D46DE8}") = "BuildingBlock", "BuildingBlock", "{D2A0F92F-8341-4C15-B9BA-C0A776673A2B}"
EndProject
Project("{2150E333-8FDC-42A3-9474-1A3956D46DE8}") = "Services", "Services", "{6BD32D10-62F4-45C3-8662-D2FF92CE5789}"
EndProject
Project("{2150E333-8FDC-42A3-9474-1A3956D46DE8}") = "WebApps", "WebApps", "{2BB69BBC-40AE-42C5-B2CC-067CC89D43FC}"
EndProject
Project("{FAE04EC0-301F-11D3-BF4B-00C04F79EFBC}") = "Common.Logging", "Common.Logging\Common.Logging.csproj", "{3B05DB70-65B3-403D-92EC-9A479508132E}"
EndProject
Project("{FAE04EC0-301F-11D3-BF4B-00C04F79EFBC}") = "EvenBus.Messages", "EvenBus.Messages\EvenBus.Messages.csproj", "{26E950B0-83B6-4790-BEDA-74391EF2609B}"
EndProject
Project("{2150E333-8FDC-42A3-9474-1A3956D46DE8}") = "Product", "Product", "{4FE3EC25-F5E2-4608-8E0B-7A2C57A790BC}"
EndProject
Project("{2150E333-8FDC-42A3-9474-1A3956D46DE8}") = "Customer", "Customer", "{1C505CCD-584E-4A28-9EEB-B3A57D0DCEEB}"
EndProject
Project("{2150E333-8FDC-42A3-9474-1A3956D46DE8}") = "Basket", "Basket", "{43BA4DC0-5E52-4C9F-BCDB-BD5E80C4576F}"
EndProject
Project("{2150E333-8FDC-42A3-9474-1A3956D46DE8}") = "Inventory", "Inventory", "{E50DD823-80D4-4251-AB37-7E6764CFBB29}"
EndProject
Project("{2150E333-8FDC-42A3-9474-1A3956D46DE8}") = "Ordering", "Ordering", "{4BAD43F6-767D-426F-AA49-F074B6EEE80C}"
EndProject
Project("{2150E333-8FDC-42A3-9474-1A3956D46DE8}") = "ScheduledJob", "ScheduledJob", "{64C51B7F-310E-4912-9400-DCCEF24356A3}"
EndProject
Project("{FAE04EC0-301F-11D3-BF4B-00C04F79EFBC}") = "WebHealthStatus", "WebHealthStatus\WebHealthStatus.csproj", "{4C05B40F-65DB-4F9B-8BD6-64EA8A502A1C}"
EndProject
Project("{FAE04EC0-301F-11D3-BF4B-00C04F79EFBC}") = "Basket.Api", "Basket.Api\Basket.Api.csproj", "{657C7F84-5683-4CAF-AEA1-010A1A32EF4F}"
EndProject
Project("{FAE04EC0-301F-11D3-BF4B-00C04F79EFBC}") = "Customer.Api", "Customer.Api\Customer.Api.csproj", "{BA69B34F-5546-4879-BD70-33083C8D1E97}"
EndProject
Project("{FAE04EC0-301F-11D3-BF4B-00C04F79EFBC}") = "Inventory.Api", "Inventory.Api\Inventory.Api.csproj", "{3C548144-649F-495C-A26B-F72E451C7F70}"
EndProject
Project("{FAE04EC0-301F-11D3-BF4B-00C04F79EFBC}") = "Ordering.Api", "Ordering.Api\Ordering.Api.csproj", "{C0013C49-E056-4593-884A-9C26620F214B}"
EndProject
Project("{FAE04EC0-301F-11D3-BF4B-00C04F79EFBC}") = "Product.Api", "Product.Api\Product.Api.csproj", "{1E4D2E4D-20D8-4635-8CA8-9CD964E74E20}"
EndProject
Project("{FAE04EC0-301F-11D3-BF4B-00C04F79EFBC}") = "Hangfire.Api", "Hangfire.Api\Hangfire.Api.csproj", "{F1E808EF-AB13-4433-8059-9EDBE6383B96}"
EndProject
Project("{FAE04EC0-301F-11D3-BF4B-00C04F79EFBC}") = "Contracts", "Contracts\Contracts.csproj", "{535A0CFD-FF55-4706-8E05-4C3F6554BF87}"
EndProject
Project("{FAE04EC0-301F-11D3-BF4B-00C04F79EFBC}") = "Infrastructure", "Infrastructure\Infrastructure.csproj", "{91467897-BB1A-4056-9849-6C2FD44BE580}"
EndProject
Project("{FAE04EC0-301F-11D3-BF4B-00C04F79EFBC}") = "Shared", "Shared\Shared.csproj", "{49396423-1392-4A0E-B09C-6C1D218D9594}"
EndProject
Project("{FAE04EC0-301F-11D3-BF4B-00C04F79EFBC}") = "OcelotApiGw", "OcelotApiGw\OcelotApiGw.csproj", "{CF0B2BCD-784A-4615-B11D-CB46AEE77796}"
EndProject
Global
	GlobalSection(SolutionConfigurationPlatforms) = preSolution
		Debug|Any CPU = Debug|Any CPU
		Release|Any CPU = Release|Any CPU
	EndGlobalSection
	GlobalSection(ProjectConfigurationPlatforms) = postSolution
		{3B05DB70-65B3-403D-92EC-9A479508132E}.Debug|Any CPU.ActiveCfg = Debug|Any CPU
		{3B05DB70-65B3-403D-92EC-9A479508132E}.Debug|Any CPU.Build.0 = Debug|Any CPU
		{3B05DB70-65B3-403D-92EC-9A479508132E}.Release|Any CPU.ActiveCfg = Release|Any CPU
		{3B05DB70-65B3-403D-92EC-9A479508132E}.Release|Any CPU.Build.0 = Release|Any CPU
		{26E950B0-83B6-4790-BEDA-74391EF2609B}.Debug|Any CPU.ActiveCfg = Debug|Any CPU
		{26E950B0-83B6-4790-BEDA-74391EF2609B}.Debug|Any CPU.Build.0 = Debug|Any CPU
		{26E950B0-83B6-4790-BEDA-74391EF2609B}.Release|Any CPU.ActiveCfg = Release|Any CPU
		{26E950B0-83B6-4790-BEDA-74391EF2609B}.Release|Any CPU.Build.0 = Release|Any CPU
		{4C05B40F-65DB-4F9B-8BD6-64EA8A502A1C}.Debug|Any CPU.ActiveCfg = Debug|Any CPU
		{4C05B40F-65DB-4F9B-8BD6-64EA8A502A1C}.Debug|Any CPU.Build.0 = Debug|Any CPU
		{4C05B40F-65DB-4F9B-8BD6-64EA8A502A1C}.Release|Any CPU.ActiveCfg = Release|Any CPU
		{4C05B40F-65DB-4F9B-8BD6-64EA8A502A1C}.Release|Any CPU.Build.0 = Release|Any CPU
		{657C7F84-5683-4CAF-AEA1-010A1A32EF4F}.Debug|Any CPU.ActiveCfg = Debug|Any CPU
		{657C7F84-5683-4CAF-AEA1-010A1A32EF4F}.Debug|Any CPU.Build.0 = Debug|Any CPU
		{657C7F84-5683-4CAF-AEA1-010A1A32EF4F}.Release|Any CPU.ActiveCfg = Release|Any CPU
		{657C7F84-5683-4CAF-AEA1-010A1A32EF4F}.Release|Any CPU.Build.0 = Release|Any CPU
		{BA69B34F-5546-4879-BD70-33083C8D1E97}.Debug|Any CPU.ActiveCfg = Debug|Any CPU
		{BA69B34F-5546-4879-BD70-33083C8D1E97}.Debug|Any CPU.Build.0 = Debug|Any CPU
		{BA69B34F-5546-4879-BD70-33083C8D1E97}.Release|Any CPU.ActiveCfg = Release|Any CPU
		{BA69B34F-5546-4879-BD70-33083C8D1E97}.Release|Any CPU.Build.0 = Release|Any CPU
		{3C548144-649F-495C-A26B-F72E451C7F70}.Debug|Any CPU.ActiveCfg = Debug|Any CPU
		{3C548144-649F-495C-A26B-F72E451C7F70}.Debug|Any CPU.Build.0 = Debug|Any CPU
		{3C548144-649F-495C-A26B-F72E451C7F70}.Release|Any CPU.ActiveCfg = Release|Any CPU
		{3C548144-649F-495C-A26B-F72E451C7F70}.Release|Any CPU.Build.0 = Release|Any CPU
		{C0013C49-E056-4593-884A-9C26620F214B}.Debug|Any CPU.ActiveCfg = Debug|Any CPU
		{C0013C49-E056-4593-884A-9C26620F214B}.Debug|Any CPU.Build.0 = Debug|Any CPU
		{C0013C49-E056-4593-884A-9C26620F214B}.Release|Any CPU.ActiveCfg = Release|Any CPU
		{C0013C49-E056-4593-884A-9C26620F214B}.Release|Any CPU.Build.0 = Release|Any CPU
		{1E4D2E4D-20D8-4635-8CA8-9CD964E74E20}.Debug|Any CPU.ActiveCfg = Debug|Any CPU
		{1E4D2E4D-20D8-4635-8CA8-9CD964E74E20}.Debug|Any CPU.Build.0 = Debug|Any CPU
		{1E4D2E4D-20D8-4635-8CA8-9CD964E74E20}.Release|Any CPU.ActiveCfg = Release|Any CPU
		{1E4D2E4D-20D8-4635-8CA8-9CD964E74E20}.Release|Any CPU.Build.0 = Release|Any CPU
		{F1E808EF-AB13-4433-8059-9EDBE6383B96}.Debug|Any CPU.ActiveCfg = Debug|Any CPU
		{F1E808EF-AB13-4433-8059-9EDBE6383B96}.Debug|Any CPU.Build.0 = Debug|Any CPU
		{F1E808EF-AB13-4433-8059-9EDBE6383B96}.Release|Any CPU.ActiveCfg = Release|Any CPU
		{F1E808EF-AB13-4433-8059-9EDBE6383B96}.Release|Any CPU.Build.0 = Release|Any CPU
		{535A0CFD-FF55-4706-8E05-4C3F6554BF87}.Debug|Any CPU.ActiveCfg = Debug|Any CPU
		{535A0CFD-FF55-4706-8E05-4C3F6554BF87}.Debug|Any CPU.Build.0 = Debug|Any CPU
		{535A0CFD-FF55-4706-8E05-4C3F6554BF87}.Release|Any CPU.ActiveCfg = Release|Any CPU
		{535A0CFD-FF55-4706-8E05-4C3F6554BF87}.Release|Any CPU.Build.0 = Release|Any CPU
		{91467897-BB1A-4056-9849-6C2FD44BE580}.Debug|Any CPU.ActiveCfg = Debug|Any CPU
		{91467897-BB1A-4056-9849-6C2FD44BE580}.Debug|Any CPU.Build.0 = Debug|Any CPU
		{91467897-BB1A-4056-9849-6C2FD44BE580}.Release|Any CPU.ActiveCfg = Release|Any CPU
		{91467897-BB1A-4056-9849-6C2FD44BE580}.Release|Any CPU.Build.0 = Release|Any CPU
		{49396423-1392-4A0E-B09C-6C1D218D9594}.Debug|Any CPU.ActiveCfg = Debug|Any CPU
		{49396423-1392-4A0E-B09C-6C1D218D9594}.Debug|Any CPU.Build.0 = Debug|Any CPU
		{49396423-1392-4A0E-B09C-6C1D218D9594}.Release|Any CPU.ActiveCfg = Release|Any CPU
		{49396423-1392-4A0E-B09C-6C1D218D9594}.Release|Any CPU.Build.0 = Release|Any CPU
		{CF0B2BCD-784A-4615-B11D-CB46AEE77796}.Debug|Any CPU.ActiveCfg = Debug|Any CPU
		{CF0B2BCD-784A-4615-B11D-CB46AEE77796}.Debug|Any CPU.Build.0 = Debug|Any CPU
		{CF0B2BCD-784A-4615-B11D-CB46AEE77796}.Release|Any CPU.ActiveCfg = Release|Any CPU
		{CF0B2BCD-784A-4615-B11D-CB46AEE77796}.Release|Any CPU.Build.0 = Release|Any CPU
	EndGlobalSection
	GlobalSection(SolutionProperties) = preSolution
		HideSolutionNode = FALSE
	EndGlobalSection
	GlobalSection(NestedProjects) = preSolution
		{4227648F-4D52-45E4-8EB5-74AE9E3E5378} = {9846B84B-6541-48AD-BB7A-4A6AC2F6D212}
		{D2A0F92F-8341-4C15-B9BA-C0A776673A2B} = {9846B84B-6541-48AD-BB7A-4A6AC2F6D212}
		{6BD32D10-62F4-45C3-8662-D2FF92CE5789} = {9846B84B-6541-48AD-BB7A-4A6AC2F6D212}
		{2BB69BBC-40AE-42C5-B2CC-067CC89D43FC} = {9846B84B-6541-48AD-BB7A-4A6AC2F6D212}
		{3B05DB70-65B3-403D-92EC-9A479508132E} = {D2A0F92F-8341-4C15-B9BA-C0A776673A2B}
		{26E950B0-83B6-4790-BEDA-74391EF2609B} = {D2A0F92F-8341-4C15-B9BA-C0A776673A2B}
		{4FE3EC25-F5E2-4608-8E0B-7A2C57A790BC} = {6BD32D10-62F4-45C3-8662-D2FF92CE5789}
		{1C505CCD-584E-4A28-9EEB-B3A57D0DCEEB} = {6BD32D10-62F4-45C3-8662-D2FF92CE5789}
		{43BA4DC0-5E52-4C9F-BCDB-BD5E80C4576F} = {6BD32D10-62F4-45C3-8662-D2FF92CE5789}
		{E50DD823-80D4-4251-AB37-7E6764CFBB29} = {6BD32D10-62F4-45C3-8662-D2FF92CE5789}
		{4BAD43F6-767D-426F-AA49-F074B6EEE80C} = {6BD32D10-62F4-45C3-8662-D2FF92CE5789}
		{64C51B7F-310E-4912-9400-DCCEF24356A3} = {6BD32D10-62F4-45C3-8662-D2FF92CE5789}
		{4C05B40F-65DB-4F9B-8BD6-64EA8A502A1C} = {2BB69BBC-40AE-42C5-B2CC-067CC89D43FC}
		{657C7F84-5683-4CAF-AEA1-010A1A32EF4F} = {43BA4DC0-5E52-4C9F-BCDB-BD5E80C4576F}
		{BA69B34F-5546-4879-BD70-33083C8D1E97} = {1C505CCD-584E-4A28-9EEB-B3A57D0DCEEB}
		{3C548144-649F-495C-A26B-F72E451C7F70} = {E50DD823-80D4-4251-AB37-7E6764CFBB29}
		{C0013C49-E056-4593-884A-9C26620F214B} = {4BAD43F6-767D-426F-AA49-F074B6EEE80C}
		{1E4D2E4D-20D8-4635-8CA8-9CD964E74E20} = {4FE3EC25-F5E2-4608-8E0B-7A2C57A790BC}
		{F1E808EF-AB13-4433-8059-9EDBE6383B96} = {64C51B7F-310E-4912-9400-DCCEF24356A3}
		{535A0CFD-FF55-4706-8E05-4C3F6554BF87} = {D2A0F92F-8341-4C15-B9BA-C0A776673A2B}
		{91467897-BB1A-4056-9849-6C2FD44BE580} = {D2A0F92F-8341-4C15-B9BA-C0A776673A2B}
		{49396423-1392-4A0E-B09C-6C1D218D9594} = {D2A0F92F-8341-4C15-B9BA-C0A776673A2B}
		{CF0B2BCD-784A-4615-B11D-CB46AEE77796} = {4227648F-4D52-45E4-8EB5-74AE9E3E5378}
	EndGlobalSection
	GlobalSection(ExtensibilityGlobals) = postSolution
		SolutionGuid = {664D9C95-F5C7-4747-8823-8E0A7F1B99E2}
	EndGlobalSection
EndGlobal
